// !$*UTF8*$!
{
	archiveVersion = 1;
	classes = {
	};
	objectVersion = 50;
	objects = {

/* Begin PBXBuildFile section */
		62F7540E289912890045AAD5 /* DeleteLinkListAllData.swift in Sources */ = {isa = PBXBuildFile; fileRef = 62F7540D289912890045AAD5 /* DeleteLinkListAllData.swift */; };
		62F75411289A86EC0045AAD5 /* OrderlyQueue.swift in Sources */ = {isa = PBXBuildFile; fileRef = 62F75410289A86EC0045AAD5 /* OrderlyQueue.swift */; };
		62F75414289A97530045AAD5 /* GenerateAStringWithCharactersThatHaveOddCounts.swift in Sources */ = {isa = PBXBuildFile; fileRef = 62F75413289A97530045AAD5 /* GenerateAStringWithCharactersThatHaveOddCounts.swift */; };
		62F75417289A9AA50045AAD5 /* CircularQueue.swift in Sources */ = {isa = PBXBuildFile; fileRef = 62F75416289A9AA50045AAD5 /* CircularQueue.swift */; };
		722D01BD2331184F0036A55E /* MergeTwoSortedLists.swift in Sources */ = {isa = PBXBuildFile; fileRef = 722D01BC2331184F0036A55E /* MergeTwoSortedLists.swift */; };
		722D01C12331CEB40036A55E /* DeleteNodeInALinkedList.swift in Sources */ = {isa = PBXBuildFile; fileRef = 722D01C02331CEB40036A55E /* DeleteNodeInALinkedList.swift */; };
		725B7FBF233619AF0065A269 /* MergeKSortedLists.swift in Sources */ = {isa = PBXBuildFile; fileRef = 725B7FBE233619AF0065A269 /* MergeKSortedLists.swift */; };
		7270DEBE233B44B000DEEF0C /* RemoveDuplicatesFromSortedList2.swift in Sources */ = {isa = PBXBuildFile; fileRef = 7270DEBD233B44B000DEEF0C /* RemoveDuplicatesFromSortedList2.swift */; };
		7270DEC1233B4C1100DEEF0C /* MiddleOfTheLinkedList.swift in Sources */ = {isa = PBXBuildFile; fileRef = 7270DEC0233B4C1100DEEF0C /* MiddleOfTheLinkedList.swift */; };
		7275543A2448D56B00E3595A /* PalindromeLinkedList.swift in Sources */ = {isa = PBXBuildFile; fileRef = 727554392448D56B00E3595A /* PalindromeLinkedList.swift */; };
		7275543D244A0AFE00E3595A /* GetKthFromEnd.swift in Sources */ = {isa = PBXBuildFile; fileRef = 7275543C244A0AFE00E3595A /* GetKthFromEnd.swift */; };
		72755440244A101B00E3595A /* RemoveNthFromEnd.swift in Sources */ = {isa = PBXBuildFile; fileRef = 7275543F244A101B00E3595A /* RemoveNthFromEnd.swift */; };
		7275544E244B608300E3595A /* ValidParentheses.swift in Sources */ = {isa = PBXBuildFile; fileRef = 7275544D244B608300E3595A /* ValidParentheses.swift */; };
		72755451244B678700E3595A /* MinStack.swift in Sources */ = {isa = PBXBuildFile; fileRef = 72755450244B678700E3595A /* MinStack.swift */; };
		729EBD65233231300078770D /* ReverseLinkedList.swift in Sources */ = {isa = PBXBuildFile; fileRef = 729EBD64233231300078770D /* ReverseLinkedList.swift */; };
		729EBD682333709F0078770D /* InkedListCycle.swift in Sources */ = {isa = PBXBuildFile; fileRef = 729EBD672333709F0078770D /* InkedListCycle.swift */; };
		CB16D0ED22D246C400997428 /* main.swift in Sources */ = {isa = PBXBuildFile; fileRef = CB16D0EC22D246C400997428 /* main.swift */; };
		CB16D10C22D4F6E800997428 /* LinkedList.swift in Sources */ = {isa = PBXBuildFile; fileRef = CB16D10B22D4F6E800997428 /* LinkedList.swift */; };
		CB2C0BC3233A7BFA00A79B45 /* RemoveDuplicatesFromSortedList.swift in Sources */ = {isa = PBXBuildFile; fileRef = CB2C0BC2233A7BFA00A79B45 /* RemoveDuplicatesFromSortedList.swift */; };
		CBC32426232FE81A005D64D6 /* FibonacciNumber.swift in Sources */ = {isa = PBXBuildFile; fileRef = CBC32425232FE81A005D64D6 /* FibonacciNumber.swift */; };
		CBC32429232FE8A7005D64D6 /* TwoSum.swift in Sources */ = {isa = PBXBuildFile; fileRef = CBC32428232FE8A7005D64D6 /* TwoSum.swift */; };
		CBC3242C232FEC7D005D64D6 /* EvaluateReversePolishNotation.swift in Sources */ = {isa = PBXBuildFile; fileRef = CBC3242B232FEC7D005D64D6 /* EvaluateReversePolishNotation.swift */; };
		CBC3242E232FECC4005D64D6 /* LeetCode.swift in Sources */ = {isa = PBXBuildFile; fileRef = CBC3242D232FECC4005D64D6 /* LeetCode.swift */; };
		CBC324322333E436005D64D6 /* RemoveLinkedListElements.swift in Sources */ = {isa = PBXBuildFile; fileRef = CBC324312333E436005D64D6 /* RemoveLinkedListElements.swift */; };
		CBD15390233BC1CA0072319A /* ListNode.swift in Sources */ = {isa = PBXBuildFile; fileRef = CBD1538F233BC1CA0072319A /* ListNode.swift */; };
		CBD15393233BC20C0072319A /* TreeNode.swift in Sources */ = {isa = PBXBuildFile; fileRef = CBD15392233BC20C0072319A /* TreeNode.swift */; };
		CBD15396233BC2CD0072319A /* ValidateBinarySearchTree.swift in Sources */ = {isa = PBXBuildFile; fileRef = CBD15395233BC2CD0072319A /* ValidateBinarySearchTree.swift */; };
/* End PBXBuildFile section */

/* Begin PBXCopyFilesBuildPhase section */
		CB16D0E722D246C400997428 /* CopyFiles */ = {
			isa = PBXCopyFilesBuildPhase;
			buildActionMask = 2147483647;
			dstPath = /usr/share/man/man1/;
			dstSubfolderSpec = 0;
			files = (
			);
			runOnlyForDeploymentPostprocessing = 1;
		};
/* End PBXCopyFilesBuildPhase section */

/* Begin PBXFileReference section */
		62F7540D289912890045AAD5 /* DeleteLinkListAllData.swift */ = {isa = PBXFileReference; lastKnownFileType = sourcecode.swift; path = DeleteLinkListAllData.swift; sourceTree = "<group>"; };
		62F75410289A86EC0045AAD5 /* OrderlyQueue.swift */ = {isa = PBXFileReference; lastKnownFileType = sourcecode.swift; path = OrderlyQueue.swift; sourceTree = "<group>"; };
		62F75413289A97530045AAD5 /* GenerateAStringWithCharactersThatHaveOddCounts.swift */ = {isa = PBXFileReference; lastKnownFileType = sourcecode.swift; path = GenerateAStringWithCharactersThatHaveOddCounts.swift; sourceTree = "<group>"; };
		62F75416289A9AA50045AAD5 /* CircularQueue.swift */ = {isa = PBXFileReference; lastKnownFileType = sourcecode.swift; path = CircularQueue.swift; sourceTree = "<group>"; };
		722D01BC2331184F0036A55E /* MergeTwoSortedLists.swift */ = {isa = PBXFileReference; lastKnownFileType = sourcecode.swift; path = MergeTwoSortedLists.swift; sourceTree = "<group>"; };
		722D01C02331CEB40036A55E /* DeleteNodeInALinkedList.swift */ = {isa = PBXFileReference; lastKnownFileType = sourcecode.swift; path = DeleteNodeInALinkedList.swift; sourceTree = "<group>"; };
		725B7FBE233619AF0065A269 /* MergeKSortedLists.swift */ = {isa = PBXFileReference; lastKnownFileType = sourcecode.swift; path = MergeKSortedLists.swift; sourceTree = "<group>"; };
		7270DEBD233B44B000DEEF0C /* RemoveDuplicatesFromSortedList2.swift */ = {isa = PBXFileReference; lastKnownFileType = sourcecode.swift; path = RemoveDuplicatesFromSortedList2.swift; sourceTree = "<group>"; };
		7270DEC0233B4C1100DEEF0C /* MiddleOfTheLinkedList.swift */ = {isa = PBXFileReference; lastKnownFileType = sourcecode.swift; path = MiddleOfTheLinkedList.swift; sourceTree = "<group>"; };
		727554392448D56B00E3595A /* PalindromeLinkedList.swift */ = {isa = PBXFileReference; lastKnownFileType = sourcecode.swift; path = PalindromeLinkedList.swift; sourceTree = "<group>"; };
		7275543C244A0AFE00E3595A /* GetKthFromEnd.swift */ = {isa = PBXFileReference; lastKnownFileType = sourcecode.swift; path = GetKthFromEnd.swift; sourceTree = "<group>"; };
		7275543F244A101B00E3595A /* RemoveNthFromEnd.swift */ = {isa = PBXFileReference; lastKnownFileType = sourcecode.swift; path = RemoveNthFromEnd.swift; sourceTree = "<group>"; };
		7275544D244B608300E3595A /* ValidParentheses.swift */ = {isa = PBXFileReference; lastKnownFileType = sourcecode.swift; path = ValidParentheses.swift; sourceTree = "<group>"; };
		72755450244B678700E3595A /* MinStack.swift */ = {isa = PBXFileReference; lastKnownFileType = sourcecode.swift; path = MinStack.swift; sourceTree = "<group>"; };
		729EBD64233231300078770D /* ReverseLinkedList.swift */ = {isa = PBXFileReference; lastKnownFileType = sourcecode.swift; path = ReverseLinkedList.swift; sourceTree = "<group>"; };
		729EBD672333709F0078770D /* InkedListCycle.swift */ = {isa = PBXFileReference; lastKnownFileType = sourcecode.swift; path = InkedListCycle.swift; sourceTree = "<group>"; };
		CB16D0E922D246C400997428 /* 数据结构与算法 */ = {isa = PBXFileReference; explicitFileType = "compiled.mach-o.executable"; includeInIndex = 0; path = "数据结构与算法"; sourceTree = BUILT_PRODUCTS_DIR; };
		CB16D0EC22D246C400997428 /* main.swift */ = {isa = PBXFileReference; lastKnownFileType = sourcecode.swift; path = main.swift; sourceTree = "<group>"; };
		CB16D10B22D4F6E800997428 /* LinkedList.swift */ = {isa = PBXFileReference; lastKnownFileType = sourcecode.swift; path = LinkedList.swift; sourceTree = "<group>"; };
		CB2C0BC2233A7BFA00A79B45 /* RemoveDuplicatesFromSortedList.swift */ = {isa = PBXFileReference; lastKnownFileType = sourcecode.swift; path = RemoveDuplicatesFromSortedList.swift; sourceTree = "<group>"; };
		CBC32425232FE81A005D64D6 /* FibonacciNumber.swift */ = {isa = PBXFileReference; lastKnownFileType = sourcecode.swift; path = FibonacciNumber.swift; sourceTree = "<group>"; };
		CBC32428232FE8A7005D64D6 /* TwoSum.swift */ = {isa = PBXFileReference; lastKnownFileType = sourcecode.swift; path = TwoSum.swift; sourceTree = "<group>"; };
		CBC3242B232FEC7D005D64D6 /* EvaluateReversePolishNotation.swift */ = {isa = PBXFileReference; lastKnownFileType = sourcecode.swift; path = EvaluateReversePolishNotation.swift; sourceTree = "<group>"; };
		CBC3242D232FECC4005D64D6 /* LeetCode.swift */ = {isa = PBXFileReference; lastKnownFileType = sourcecode.swift; name = LeetCode.swift; path = leetcode/LeetCode.swift; sourceTree = "<group>"; };
		CBC324312333E436005D64D6 /* RemoveLinkedListElements.swift */ = {isa = PBXFileReference; lastKnownFileType = sourcecode.swift; path = RemoveLinkedListElements.swift; sourceTree = "<group>"; };
		CBD1538F233BC1CA0072319A /* ListNode.swift */ = {isa = PBXFileReference; lastKnownFileType = sourcecode.swift; path = ListNode.swift; sourceTree = "<group>"; };
		CBD15392233BC20C0072319A /* TreeNode.swift */ = {isa = PBXFileReference; lastKnownFileType = sourcecode.swift; path = TreeNode.swift; sourceTree = "<group>"; };
		CBD15395233BC2CD0072319A /* ValidateBinarySearchTree.swift */ = {isa = PBXFileReference; lastKnownFileType = sourcecode.swift; path = ValidateBinarySearchTree.swift; sourceTree = "<group>"; };
		CBD15397233BCFEA0072319A /* Int?+Operator.swift */ = {isa = PBXFileReference; lastKnownFileType = sourcecode.swift; path = "Int?+Operator.swift"; sourceTree = "<group>"; };
/* End PBXFileReference section */

/* Begin PBXFrameworksBuildPhase section */
		CB16D0E622D246C400997428 /* Frameworks */ = {
			isa = PBXFrameworksBuildPhase;
			buildActionMask = 2147483647;
			files = (
			);
			runOnlyForDeploymentPostprocessing = 0;
		};
/* End PBXFrameworksBuildPhase section */

/* Begin PBXGroup section */
		62F7540C289911C80045AAD5 /* 删除整个链表 */ = {
			isa = PBXGroup;
			children = (
				62F7540D289912890045AAD5 /* DeleteLinkListAllData.swift */,
			);
			path = "删除整个链表";
			sourceTree = "<group>";
		};
		62F7540F289A86D80045AAD5 /* 有序队列 */ = {
			isa = PBXGroup;
			children = (
				62F75410289A86EC0045AAD5 /* OrderlyQueue.swift */,
			);
			path = "有序队列";
			sourceTree = "<group>";
		};
		62F75412289A97200045AAD5 /* 生成每种字符都是奇数个的字符串 */ = {
			isa = PBXGroup;
			children = (
				62F75413289A97530045AAD5 /* GenerateAStringWithCharactersThatHaveOddCounts.swift */,
			);
			path = "生成每种字符都是奇数个的字符串";
			sourceTree = "<group>";
		};
		62F75415289A9A750045AAD5 /* 循环队列 */ = {
			isa = PBXGroup;
			children = (
				62F75416289A9AA50045AAD5 /* CircularQueue.swift */,
			);
			path = "循环队列";
			sourceTree = "<group>";
		};
		722D01BB233118250036A55E /* 合并两个有序链表 */ = {
			isa = PBXGroup;
			children = (
				722D01BC2331184F0036A55E /* MergeTwoSortedLists.swift */,
			);
			path = "合并两个有序链表";
			sourceTree = "<group>";
		};
		722D01BF2331CE8A0036A55E /* 删除链表中的节点 */ = {
			isa = PBXGroup;
			children = (
				722D01C02331CEB40036A55E /* DeleteNodeInALinkedList.swift */,
			);
			path = "删除链表中的节点";
			sourceTree = "<group>";
		};
		725B7FBD2336197C0065A269 /* 合并k个排序链表 */ = {
			isa = PBXGroup;
			children = (
				725B7FBE233619AF0065A269 /* MergeKSortedLists.swift */,
			);
			path = "合并k个排序链表";
			sourceTree = "<group>";
		};
		7270DEBC233B448000DEEF0C /* 删除排序链表中的重复元素② */ = {
			isa = PBXGroup;
			children = (
				7270DEBD233B44B000DEEF0C /* RemoveDuplicatesFromSortedList2.swift */,
			);
			path = "删除排序链表中的重复元素②";
			sourceTree = "<group>";
		};
		7270DEBF233B4BE500DEEF0C /* 链表的中间节点 */ = {
			isa = PBXGroup;
			children = (
				7270DEC0233B4C1100DEEF0C /* MiddleOfTheLinkedList.swift */,
			);
			path = "链表的中间节点";
			sourceTree = "<group>";
		};
		727554382448D54400E3595A /* 回文链表 */ = {
			isa = PBXGroup;
			children = (
				727554392448D56B00E3595A /* PalindromeLinkedList.swift */,
			);
			path = "回文链表";
			sourceTree = "<group>";
		};
		7275543B244A0A9B00E3595A /* 链表中倒数第k个节点 */ = {
			isa = PBXGroup;
			children = (
				7275543C244A0AFE00E3595A /* GetKthFromEnd.swift */,
			);
			path = "链表中倒数第k个节点";
			sourceTree = "<group>";
		};
		7275543E244A100600E3595A /* 删除链表中倒数第k个节点 */ = {
			isa = PBXGroup;
			children = (
				7275543F244A101B00E3595A /* RemoveNthFromEnd.swift */,
			);
			path = "删除链表中倒数第k个节点";
			sourceTree = "<group>";
		};
		7275544C244B606000E3595A /* 有效的括号 */ = {
			isa = PBXGroup;
			children = (
				7275544D244B608300E3595A /* ValidParentheses.swift */,
			);
			path = "有效的括号";
			sourceTree = "<group>";
		};
		7275544F244B677300E3595A /* 最小栈 */ = {
			isa = PBXGroup;
			children = (
				72755450244B678700E3595A /* MinStack.swift */,
			);
			path = "最小栈";
			sourceTree = "<group>";
		};
		729EBD63233230E60078770D /* 反转链表 */ = {
			isa = PBXGroup;
			children = (
				729EBD64233231300078770D /* ReverseLinkedList.swift */,
			);
			path = "反转链表";
			sourceTree = "<group>";
		};
		729EBD66233370870078770D /* 环形链表 */ = {
			isa = PBXGroup;
			children = (
				729EBD672333709F0078770D /* InkedListCycle.swift */,
			);
			path = "环形链表";
			sourceTree = "<group>";
		};
		CB16D0E022D246C400997428 = {
			isa = PBXGroup;
			children = (
				CB16D0EB22D246C400997428 /* 数据结构与算法 */,
				CB16D0EA22D246C400997428 /* Products */,
			);
			sourceTree = "<group>";
		};
		CB16D0EA22D246C400997428 /* Products */ = {
			isa = PBXGroup;
			children = (
				CB16D0E922D246C400997428 /* 数据结构与算法 */,
			);
			name = Products;
			sourceTree = "<group>";
		};
		CB16D0EB22D246C400997428 /* 数据结构与算法 */ = {
			isa = PBXGroup;
			children = (
				CB16D0EC22D246C400997428 /* main.swift */,
				CBD15399233BD1210072319A /* Source */,
				CBC32421232FE741005D64D6 /* dataStructure */,
				CBC32420232FE719005D64D6 /* leetcode */,
				CBC3242D232FECC4005D64D6 /* LeetCode.swift */,
			);
			path = "数据结构与算法";
			sourceTree = "<group>";
		};
		CB16D10A22D4F6B900997428 /* 链表 */ = {
			isa = PBXGroup;
			children = (
				CB16D10B22D4F6E800997428 /* LinkedList.swift */,
				CBD1538F233BC1CA0072319A /* ListNode.swift */,
			);
			path = "链表";
			sourceTree = "<group>";
		};
		CB2C0BC1233A7BD100A79B45 /* 删除排序链表中的重复元素 */ = {
			isa = PBXGroup;
			children = (
				CB2C0BC2233A7BFA00A79B45 /* RemoveDuplicatesFromSortedList.swift */,
			);
			path = "删除排序链表中的重复元素";
			sourceTree = "<group>";
		};
		CBC32420232FE719005D64D6 /* leetcode */ = {
			isa = PBXGroup;
			children = (
				62F75415289A9A750045AAD5 /* 循环队列 */,
				62F75412289A97200045AAD5 /* 生成每种字符都是奇数个的字符串 */,
				62F7540F289A86D80045AAD5 /* 有序队列 */,
				62F7540C289911C80045AAD5 /* 删除整个链表 */,
				7275544F244B677300E3595A /* 最小栈 */,
				7275544C244B606000E3595A /* 有效的括号 */,
				7275543E244A100600E3595A /* 删除链表中倒数第k个节点 */,
				7275543B244A0A9B00E3595A /* 链表中倒数第k个节点 */,
				727554382448D54400E3595A /* 回文链表 */,
				CBD15394233BC2A20072319A /* 验证二叉搜索树 */,
				7270DEBF233B4BE500DEEF0C /* 链表的中间节点 */,
				7270DEBC233B448000DEEF0C /* 删除排序链表中的重复元素② */,
				CB2C0BC1233A7BD100A79B45 /* 删除排序链表中的重复元素 */,
				725B7FBD2336197C0065A269 /* 合并k个排序链表 */,
				CBC324302333E40D005D64D6 /* 移除链表元素 */,
				729EBD66233370870078770D /* 环形链表 */,
				729EBD63233230E60078770D /* 反转链表 */,
				722D01BF2331CE8A0036A55E /* 删除链表中的节点 */,
				722D01BB233118250036A55E /* 合并两个有序链表 */,
				CBC3242A232FEC43005D64D6 /* 逆波兰表达式 */,
				CBC32427232FE886005D64D6 /* 两数之和 */,
				CBC32424232FE7F2005D64D6 /* 斐波那契数 */,
			);
			path = leetcode;
			sourceTree = "<group>";
		};
		CBC32421232FE741005D64D6 /* dataStructure */ = {
			isa = PBXGroup;
			children = (
				CBD15391233BC1F30072319A /* 二叉树 */,
				CB16D10A22D4F6B900997428 /* 链表 */,
			);
			path = dataStructure;
			sourceTree = "<group>";
		};
		CBC32424232FE7F2005D64D6 /* 斐波那契数 */ = {
			isa = PBXGroup;
			children = (
				CBC32425232FE81A005D64D6 /* FibonacciNumber.swift */,
			);
			path = "斐波那契数";
			sourceTree = "<group>";
		};
		CBC32427232FE886005D64D6 /* 两数之和 */ = {
			isa = PBXGroup;
			children = (
				CBC32428232FE8A7005D64D6 /* TwoSum.swift */,
			);
			path = "两数之和";
			sourceTree = "<group>";
		};
		CBC3242A232FEC43005D64D6 /* 逆波兰表达式 */ = {
			isa = PBXGroup;
			children = (
				CBC3242B232FEC7D005D64D6 /* EvaluateReversePolishNotation.swift */,
			);
			path = "逆波兰表达式";
			sourceTree = "<group>";
		};
		CBC324302333E40D005D64D6 /* 移除链表元素 */ = {
			isa = PBXGroup;
			children = (
				CBC324312333E436005D64D6 /* RemoveLinkedListElements.swift */,
			);
			path = "移除链表元素";
			sourceTree = "<group>";
		};
		CBD15391233BC1F30072319A /* 二叉树 */ = {
			isa = PBXGroup;
			children = (
				CBD15392233BC20C0072319A /* TreeNode.swift */,
			);
			path = "二叉树";
			sourceTree = "<group>";
		};
		CBD15394233BC2A20072319A /* 验证二叉搜索树 */ = {
			isa = PBXGroup;
			children = (
				CBD15395233BC2CD0072319A /* ValidateBinarySearchTree.swift */,
			);
			path = "验证二叉搜索树";
			sourceTree = "<group>";
		};
		CBD15399233BD1210072319A /* Source */ = {
			isa = PBXGroup;
			children = (
				CBD1539A233BD1310072319A /* Extension */,
			);
			path = Source;
			sourceTree = "<group>";
		};
		CBD1539A233BD1310072319A /* Extension */ = {
			isa = PBXGroup;
			children = (
				CBD15397233BCFEA0072319A /* Int?+Operator.swift */,
			);
			path = Extension;
			sourceTree = "<group>";
		};
/* End PBXGroup section */

/* Begin PBXNativeTarget section */
		CB16D0E822D246C400997428 /* 数据结构与算法 */ = {
			isa = PBXNativeTarget;
			buildConfigurationList = CB16D0F022D246C400997428 /* Build configuration list for PBXNativeTarget "数据结构与算法" */;
			buildPhases = (
				CB16D0E522D246C400997428 /* Sources */,
				CB16D0E622D246C400997428 /* Frameworks */,
				CB16D0E722D246C400997428 /* CopyFiles */,
			);
			buildRules = (
			);
			dependencies = (
			);
			name = "数据结构与算法";
			productName = "数据结构与算法";
			productReference = CB16D0E922D246C400997428 /* 数据结构与算法 */;
			productType = "com.apple.product-type.tool";
		};
/* End PBXNativeTarget section */

/* Begin PBXProject section */
		CB16D0E122D246C400997428 /* Project object */ = {
			isa = PBXProject;
			attributes = {
				LastSwiftUpdateCheck = 1020;
				LastUpgradeCheck = 1020;
				ORGANIZATIONNAME = karl;
				TargetAttributes = {
					CB16D0E822D246C400997428 = {
						CreatedOnToolsVersion = 10.2.1;
					};
				};
			};
			buildConfigurationList = CB16D0E422D246C400997428 /* Build configuration list for PBXProject "数据结构与算法" */;
			compatibilityVersion = "Xcode 9.3";
			developmentRegion = en;
			hasScannedForEncodings = 0;
			knownRegions = (
				en,
				Base,
			);
			mainGroup = CB16D0E022D246C400997428;
			productRefGroup = CB16D0EA22D246C400997428 /* Products */;
			projectDirPath = "";
			projectRoot = "";
			targets = (
				CB16D0E822D246C400997428 /* 数据结构与算法 */,
			);
		};
/* End PBXProject section */

/* Begin PBXSourcesBuildPhase section */
		CB16D0E522D246C400997428 /* Sources */ = {
			isa = PBXSourcesBuildPhase;
			buildActionMask = 2147483647;
			files = (
				729EBD65233231300078770D /* ReverseLinkedList.swift in Sources */,
				7275544E244B608300E3595A /* ValidParentheses.swift in Sources */,
				7270DEBE233B44B000DEEF0C /* RemoveDuplicatesFromSortedList2.swift in Sources */,
				62F75411289A86EC0045AAD5 /* OrderlyQueue.swift in Sources */,
				72755440244A101B00E3595A /* RemoveNthFromEnd.swift in Sources */,
				CBD15393233BC20C0072319A /* TreeNode.swift in Sources */,
				72755451244B678700E3595A /* MinStack.swift in Sources */,
				62F7540E289912890045AAD5 /* DeleteLinkListAllData.swift in Sources */,
				7275543A2448D56B00E3595A /* PalindromeLinkedList.swift in Sources */,
				CBC3242C232FEC7D005D64D6 /* EvaluateReversePolishNotation.swift in Sources */,
				CB16D10C22D4F6E800997428 /* LinkedList.swift in Sources */,
				CBC3242E232FECC4005D64D6 /* LeetCode.swift in Sources */,
				62F75414289A97530045AAD5 /* GenerateAStringWithCharactersThatHaveOddCounts.swift in Sources */,
				CB16D0ED22D246C400997428 /* main.swift in Sources */,
				CBC324322333E436005D64D6 /* RemoveLinkedListElements.swift in Sources */,
				722D01C12331CEB40036A55E /* DeleteNodeInALinkedList.swift in Sources */,
				62F75417289A9AA50045AAD5 /* CircularQueue.swift in Sources */,
				CB2C0BC3233A7BFA00A79B45 /* RemoveDuplicatesFromSortedList.swift in Sources */,
				CBC32429232FE8A7005D64D6 /* TwoSum.swift in Sources */,
				7270DEC1233B4C1100DEEF0C /* MiddleOfTheLinkedList.swift in Sources */,
				CBD15390233BC1CA0072319A /* ListNode.swift in Sources */,
				722D01BD2331184F0036A55E /* MergeTwoSortedLists.swift in Sources */,
				725B7FBF233619AF0065A269 /* MergeKSortedLists.swift in Sources */,
				7275543D244A0AFE00E3595A /* GetKthFromEnd.swift in Sources */,
				729EBD682333709F0078770D /* InkedListCycle.swift in Sources */,
				CBD15396233BC2CD0072319A /* ValidateBinarySearchTree.swift in Sources */,
				CBC32426232FE81A005D64D6 /* FibonacciNumber.swift in Sources */,
			);
			runOnlyForDeploymentPostprocessing = 0;
		};
/* End PBXSourcesBuildPhase section */

/* Begin XCBuildConfiguration section */
		CB16D0EE22D246C400997428 /* Debug */ = {
			isa = XCBuildConfiguration;
			buildSettings = {
				ALWAYS_SEARCH_USER_PATHS = NO;
				CLANG_ANALYZER_NONNULL = YES;
				CLANG_ANALYZER_NUMBER_OBJECT_CONVERSION = YES_AGGRESSIVE;
				CLANG_CXX_LANGUAGE_STANDARD = "gnu++14";
				CLANG_CXX_LIBRARY = "libc++";
				CLANG_ENABLE_MODULES = YES;
				CLANG_ENABLE_OBJC_ARC = YES;
				CLANG_ENABLE_OBJC_WEAK = YES;
				CLANG_WARN_BLOCK_CAPTURE_AUTORELEASING = YES;
				CLANG_WARN_BOOL_CONVERSION = YES;
				CLANG_WARN_COMMA = YES;
				CLANG_WARN_CONSTANT_CONVERSION = YES;
				CLANG_WARN_DEPRECATED_OBJC_IMPLEMENTATIONS = YES;
				CLANG_WARN_DIRECT_OBJC_ISA_USAGE = YES_ERROR;
				CLANG_WARN_DOCUMENTATION_COMMENTS = YES;
				CLANG_WARN_EMPTY_BODY = YES;
				CLANG_WARN_ENUM_CONVERSION = YES;
				CLANG_WARN_INFINITE_RECURSION = YES;
				CLANG_WARN_INT_CONVERSION = YES;
				CLANG_WARN_NON_LITERAL_NULL_CONVERSION = YES;
				CLANG_WARN_OBJC_IMPLICIT_RETAIN_SELF = YES;
				CLANG_WARN_OBJC_LITERAL_CONVERSION = YES;
				CLANG_WARN_OBJC_ROOT_CLASS = YES_ERROR;
				CLANG_WARN_RANGE_LOOP_ANALYSIS = YES;
				CLANG_WARN_STRICT_PROTOTYPES = YES;
				CLANG_WARN_SUSPICIOUS_MOVE = YES;
				CLANG_WARN_UNGUARDED_AVAILABILITY = YES_AGGRESSIVE;
				CLANG_WARN_UNREACHABLE_CODE = YES;
				CLANG_WARN__DUPLICATE_METHOD_MATCH = YES;
				CODE_SIGN_IDENTITY = "Mac Developer";
				COPY_PHASE_STRIP = NO;
				DEBUG_INFORMATION_FORMAT = dwarf;
				ENABLE_STRICT_OBJC_MSGSEND = YES;
				ENABLE_TESTABILITY = YES;
				GCC_C_LANGUAGE_STANDARD = gnu11;
				GCC_DYNAMIC_NO_PIC = NO;
				GCC_NO_COMMON_BLOCKS = YES;
				GCC_OPTIMIZATION_LEVEL = 0;
				GCC_PREPROCESSOR_DEFINITIONS = (
					"DEBUG=1",
					"$(inherited)",
				);
				GCC_WARN_64_TO_32_BIT_CONVERSION = YES;
				GCC_WARN_ABOUT_RETURN_TYPE = YES_ERROR;
				GCC_WARN_UNDECLARED_SELECTOR = YES;
				GCC_WARN_UNINITIALIZED_AUTOS = YES_AGGRESSIVE;
				GCC_WARN_UNUSED_FUNCTION = YES;
				GCC_WARN_UNUSED_VARIABLE = YES;
				MACOSX_DEPLOYMENT_TARGET = 10.14;
				MTL_ENABLE_DEBUG_INFO = INCLUDE_SOURCE;
				MTL_FAST_MATH = YES;
				ONLY_ACTIVE_ARCH = YES;
				SDKROOT = macosx;
				SWIFT_ACTIVE_COMPILATION_CONDITIONS = DEBUG;
				SWIFT_OPTIMIZATION_LEVEL = "-Onone";
			};
			name = Debug;
		};
		CB16D0EF22D246C400997428 /* Release */ = {
			isa = XCBuildConfiguration;
			buildSettings = {
				ALWAYS_SEARCH_USER_PATHS = NO;
				CLANG_ANALYZER_NONNULL = YES;
				CLANG_ANALYZER_NUMBER_OBJECT_CONVERSION = YES_AGGRESSIVE;
				CLANG_CXX_LANGUAGE_STANDARD = "gnu++14";
				CLANG_CXX_LIBRARY = "libc++";
				CLANG_ENABLE_MODULES = YES;
				CLANG_ENABLE_OBJC_ARC = YES;
				CLANG_ENABLE_OBJC_WEAK = YES;
				CLANG_WARN_BLOCK_CAPTURE_AUTORELEASING = YES;
				CLANG_WARN_BOOL_CONVERSION = YES;
				CLANG_WARN_COMMA = YES;
				CLANG_WARN_CONSTANT_CONVERSION = YES;
				CLANG_WARN_DEPRECATED_OBJC_IMPLEMENTATIONS = YES;
				CLANG_WARN_DIRECT_OBJC_ISA_USAGE = YES_ERROR;
				CLANG_WARN_DOCUMENTATION_COMMENTS = YES;
				CLANG_WARN_EMPTY_BODY = YES;
				CLANG_WARN_ENUM_CONVERSION = YES;
				CLANG_WARN_INFINITE_RECURSION = YES;
				CLANG_WARN_INT_CONVERSION = YES;
				CLANG_WARN_NON_LITERAL_NULL_CONVERSION = YES;
				CLANG_WARN_OBJC_IMPLICIT_RETAIN_SELF = YES;
				CLANG_WARN_OBJC_LITERAL_CONVERSION = YES;
				CLANG_WARN_OBJC_ROOT_CLASS = YES_ERROR;
				CLANG_WARN_RANGE_LOOP_ANALYSIS = YES;
				CLANG_WARN_STRICT_PROTOTYPES = YES;
				CLANG_WARN_SUSPICIOUS_MOVE = YES;
				CLANG_WARN_UNGUARDED_AVAILABILITY = YES_AGGRESSIVE;
				CLANG_WARN_UNREACHABLE_CODE = YES;
				CLANG_WARN__DUPLICATE_METHOD_MATCH = YES;
				CODE_SIGN_IDENTITY = "Mac Developer";
				COPY_PHASE_STRIP = NO;
				DEBUG_INFORMATION_FORMAT = "dwarf-with-dsym";
				ENABLE_NS_ASSERTIONS = NO;
				ENABLE_STRICT_OBJC_MSGSEND = YES;
				GCC_C_LANGUAGE_STANDARD = gnu11;
				GCC_NO_COMMON_BLOCKS = YES;
				GCC_WARN_64_TO_32_BIT_CONVERSION = YES;
				GCC_WARN_ABOUT_RETURN_TYPE = YES_ERROR;
				GCC_WARN_UNDECLARED_SELECTOR = YES;
				GCC_WARN_UNINITIALIZED_AUTOS = YES_AGGRESSIVE;
				GCC_WARN_UNUSED_FUNCTION = YES;
				GCC_WARN_UNUSED_VARIABLE = YES;
				MACOSX_DEPLOYMENT_TARGET = 10.14;
				MTL_ENABLE_DEBUG_INFO = NO;
				MTL_FAST_MATH = YES;
				SDKROOT = macosx;
				SWIFT_COMPILATION_MODE = wholemodule;
				SWIFT_OPTIMIZATION_LEVEL = "-O";
			};
			name = Release;
		};
		CB16D0F122D246C400997428 /* Debug */ = {
			isa = XCBuildConfiguration;
			buildSettings = {
				CODE_SIGN_STYLE = Automatic;
				DEVELOPMENT_TEAM = Q37CNASBM2;
				PRODUCT_NAME = "$(TARGET_NAME)";
				SWIFT_VERSION = 5.0;
			};
			name = Debug;
		};
		CB16D0F222D246C400997428 /* Release */ = {
			isa = XCBuildConfiguration;
			buildSettings = {
				CODE_SIGN_STYLE = Automatic;
				DEVELOPMENT_TEAM = Q37CNASBM2;
				PRODUCT_NAME = "$(TARGET_NAME)";
				SWIFT_VERSION = 5.0;
			};
			name = Release;
		};
/* End XCBuildConfiguration section */

/* Begin XCConfigurationList section */
		CB16D0E422D246C400997428 /* Build configuration list for PBXProject "数据结构与算法" */ = {
			isa = XCConfigurationList;
			buildConfigurations = (
				CB16D0EE22D246C400997428 /* Debug */,
				CB16D0EF22D246C400997428 /* Release */,
			);
			defaultConfigurationIsVisible = 0;
			defaultConfigurationName = Release;
		};
		CB16D0F022D246C400997428 /* Build configuration list for PBXNativeTarget "数据结构与算法" */ = {
			isa = XCConfigurationList;
			buildConfigurations = (
				CB16D0F122D246C400997428 /* Debug */,
				CB16D0F222D246C400997428 /* Release */,
			);
			defaultConfigurationIsVisible = 0;
			defaultConfigurationName = Release;
		};
/* End XCConfigurationList section */
	};
	rootObject = CB16D0E122D246C400997428 /* Project object */;
}
